
Microsoft Visual Studio Solution File, Format Version 12.00
# Visual Studio Version 16
VisualStudioVersion = 16.0.29403.142
MinimumVisualStudioVersion = 10.0.40219.1
Project("{9A19103F-16F7-4668-BE54-9A1E7A4F7556}") = "VirtualSuspectLambda", "VirtualSuspectLambda\VirtualSuspectLambda.csproj", "{766C44E1-2EF2-4262-988B-66926C4AB7B5}"
EndProject
Project("{FAE04EC0-301F-11D3-BF4B-00C04F79EFBC}") = "VirtualSuspect", "VirtualSuspect\VirtualSuspect.csproj", "{27EEA46D-3298-4315-B082-F61096444D36}"
EndProject
Project("{FAE04EC0-301F-11D3-BF4B-00C04F79EFBC}") = "VirtualSuspectNaturalLanguage", "VirtualSuspectNaturalLanguage\VirtualSuspectNaturalLanguage.csproj", "{1A666C63-29DB-4012-AF41-B7BCFB23F33A}"
EndProject
Global
	GlobalSection(SolutionConfigurationPlatforms) = preSolution
		Debug|Any CPU = Debug|Any CPU
		Release|Any CPU = Release|Any CPU
	EndGlobalSection
	GlobalSection(ProjectConfigurationPlatforms) = postSolution
		{766C44E1-2EF2-4262-988B-66926C4AB7B5}.Debug|Any CPU.ActiveCfg = Debug|Any CPU
		{766C44E1-2EF2-4262-988B-66926C4AB7B5}.Debug|Any CPU.Build.0 = Debug|Any CPU
		{766C44E1-2EF2-4262-988B-66926C4AB7B5}.Release|Any CPU.ActiveCfg = Release|Any CPU
		{766C44E1-2EF2-4262-988B-66926C4AB7B5}.Release|Any CPU.Build.0 = Release|Any CPU
		{27EEA46D-3298-4315-B082-F61096444D36}.Debug|Any CPU.ActiveCfg = Debug|Any CPU
		{27EEA46D-3298-4315-B082-F61096444D36}.Debug|Any CPU.Build.0 = Debug|Any CPU
		{27EEA46D-3298-4315-B082-F61096444D36}.Release|Any CPU.ActiveCfg = Release|Any CPU
		{27EEA46D-3298-4315-B082-F61096444D36}.Release|Any CPU.Build.0 = Release|Any CPU
		{1A666C63-29DB-4012-AF41-B7BCFB23F33A}.Debug|Any CPU.ActiveCfg = Debug|Any CPU
		{1A666C63-29DB-4012-AF41-B7BCFB23F33A}.Debug|Any CPU.Build.0 = Debug|Any CPU
		{1A666C63-29DB-4012-AF41-B7BCFB23F33A}.Release|Any CPU.ActiveCfg = Release|Any CPU
		{1A666C63-29DB-4012-AF41-B7BCFB23F33A}.Release|Any CPU.Build.0 = Release|Any CPU
	EndGlobalSection
	GlobalSection(SolutionProperties) = preSolution
		HideSolutionNode = FALSE
	EndGlobalSection
	GlobalSection(ExtensibilityGlobals) = postSolution
		SolutionGuid = {ABC864F0-B7D0-4534-9A80-EE2E6865AE6C}
	EndGlobalSection
EndGlobal
